PODS:
  - Alamofire (5.4.3)
  - CalculateCalendarLogic (0.4.0)
  - FSCalendar (2.8.2)
  - Realm (10.7.6):
    - Realm/Headers (= 10.7.6)
  - Realm/Headers (10.7.6)
  - RealmSwift (10.7.6):
    - Realm (= 10.7.6)
  - SwiftyJSON (5.0.1)
  - TTTAttributedLabel (2.0.0)

DEPENDENCIES:
  - Alamofire
  - CalculateCalendarLogic
  - FSCalendar
  - RealmSwift
  - SwiftyJSON
  - TTTAttributedLabel

SPEC REPOS:
  trunk:
    - Alamofire
    - CalculateCalendarLogic
    - FSCalendar
    - Realm
    - RealmSwift
    - SwiftyJSON
    - TTTAttributedLabel

SPEC CHECKSUMS:
  Alamofire: e447a2774a40c996748296fa2c55112fdbbc42f9
  CalculateCalendarLogic: 84d3aff9456340ff07f7b77242a57b5d2f0ed631
  FSCalendar: e6a2eb9c571bf0719ed797ef807e08426753c241
  Realm: ed860452717c8db8f4bf832b6807f7f2ce708839
  RealmSwift: e31c4ddbcc42ac879313d656b86f9ca539f6f4f4
  SwiftyJSON: 2f33a42c6fbc52764d96f13368585094bfd8aa5e
  TTTAttributedLabel: 8cffe8e127e4e82ff3af1e5386d4cd0ad000b656

PODFILE CHECKSUM: 9dbb718a5eab72c1ec9297331d886eb577b8905d

COCOAPODS: 1.10.1
